// !$*UTF8*$!
{
	archiveVersion = 1;
	classes = {
	};
	objectVersion = 55;
	objects = {

/* Begin PBXBuildFile section */
		1CDB32FE28CE747C00A033F2 /* AppDelegate.swift in Sources */ = {isa = PBXBuildFile; fileRef = 1CDB32FD28CE747C00A033F2 /* AppDelegate.swift */; };
		1CDB330028CE747C00A033F2 /* SceneDelegate.swift in Sources */ = {isa = PBXBuildFile; fileRef = 1CDB32FF28CE747C00A033F2 /* SceneDelegate.swift */; };
		1CDB330228CE747C00A033F2 /* MoviesViewController.swift in Sources */ = {isa = PBXBuildFile; fileRef = 1CDB330128CE747C00A033F2 /* MoviesViewController.swift */; };
		1CDB330528CE747C00A033F2 /* Main.storyboard in Resources */ = {isa = PBXBuildFile; fileRef = 1CDB330328CE747C00A033F2 /* Main.storyboard */; };
		1CDB330728CE747C00A033F2 /* Assets.xcassets in Resources */ = {isa = PBXBuildFile; fileRef = 1CDB330628CE747C00A033F2 /* Assets.xcassets */; };
		1CDB330A28CE747C00A033F2 /* LaunchScreen.storyboard in Resources */ = {isa = PBXBuildFile; fileRef = 1CDB330828CE747C00A033F2 /* LaunchScreen.storyboard */; };
		1CDB331528CE747C00A033F2 /* FlixTests.swift in Sources */ = {isa = PBXBuildFile; fileRef = 1CDB331428CE747C00A033F2 /* FlixTests.swift */; };
		1CDB331F28CE747C00A033F2 /* FlixUITests.swift in Sources */ = {isa = PBXBuildFile; fileRef = 1CDB331E28CE747C00A033F2 /* FlixUITests.swift */; };
		1CDB332128CE747C00A033F2 /* FlixUITestsLaunchTests.swift in Sources */ = {isa = PBXBuildFile; fileRef = 1CDB332028CE747C00A033F2 /* FlixUITestsLaunchTests.swift */; };
		1CDB332E28CE994D00A033F2 /* MovieCell.swift in Sources */ = {isa = PBXBuildFile; fileRef = 1CDB332D28CE994D00A033F2 /* MovieCell.swift */; };
		1CDB333128CEA17A00A033F2 /* AlamofireImage in Frameworks */ = {isa = PBXBuildFile; productRef = 1CDB333028CEA17A00A033F2 /* AlamofireImage */; };
		1CDB333328D79E8000A033F2 /* MovieDetailsViewController.swift in Sources */ = {isa = PBXBuildFile; fileRef = 1CDB333228D79E8000A033F2 /* MovieDetailsViewController.swift */; };
		1CDB333528D7FCDB00A033F2 /* MovieGridViewController.swift in Sources */ = {isa = PBXBuildFile; fileRef = 1CDB333428D7FCDB00A033F2 /* MovieGridViewController.swift */; };
		1CDB333728D8185000A033F2 /* MovieGridCell.swift in Sources */ = {isa = PBXBuildFile; fileRef = 1CDB333628D8185000A033F2 /* MovieGridCell.swift */; };
		296C967ED9974AF0480284A1 /* Pods_Flix.framework in Frameworks */ = {isa = PBXBuildFile; fileRef = 57AB3243F27B4E4A06498CB4 /* Pods_Flix.framework */; };
		A47362584F4154ED310E1B85 /* Pods_FlixTests.framework in Frameworks */ = {isa = PBXBuildFile; fileRef = A6750C9421F28B7F984B9460 /* Pods_FlixTests.framework */; };
		E0C696C41A50FC7A270CC1CF /* Pods_Flix_FlixUITests.framework in Frameworks */ = {isa = PBXBuildFile; fileRef = D02AED269D7CCAF2A01CFD49 /* Pods_Flix_FlixUITests.framework */; };
/* End PBXBuildFile section */

/* Begin PBXContainerItemProxy section */
		1CDB331128CE747C00A033F2 /* PBXContainerItemProxy */ = {
			isa = PBXContainerItemProxy;
			containerPortal = 1CDB32F228CE747C00A033F2 /* Project object */;
			proxyType = 1;
			remoteGlobalIDString = 1CDB32F928CE747C00A033F2;
			remoteInfo = Flix;
		};
		1CDB331B28CE747C00A033F2 /* PBXContainerItemProxy */ = {
			isa = PBXContainerItemProxy;
			containerPortal = 1CDB32F228CE747C00A033F2 /* Project object */;
			proxyType = 1;
			remoteGlobalIDString = 1CDB32F928CE747C00A033F2;
			remoteInfo = Flix;
		};
/* End PBXContainerItemProxy section */

/* Begin PBXFileReference section */
		1CDB32FA28CE747C00A033F2 /* Flix.app */ = {isa = PBXFileReference; explicitFileType = wrapper.application; includeInIndex = 0; path = Flix.app; sourceTree = BUILT_PRODUCTS_DIR; };
		1CDB32FD28CE747C00A033F2 /* AppDelegate.swift */ = {isa = PBXFileReference; lastKnownFileType = sourcecode.swift; path = AppDelegate.swift; sourceTree = "<group>"; };
		1CDB32FF28CE747C00A033F2 /* SceneDelegate.swift */ = {isa = PBXFileReference; lastKnownFileType = sourcecode.swift; path = SceneDelegate.swift; sourceTree = "<group>"; };
		1CDB330128CE747C00A033F2 /* MoviesViewController.swift */ = {isa = PBXFileReference; lastKnownFileType = sourcecode.swift; path = MoviesViewController.swift; sourceTree = "<group>"; };
		1CDB330428CE747C00A033F2 /* Base */ = {isa = PBXFileReference; lastKnownFileType = file.storyboard; name = Base; path = Base.lproj/Main.storyboard; sourceTree = "<group>"; };
		1CDB330628CE747C00A033F2 /* Assets.xcassets */ = {isa = PBXFileReference; lastKnownFileType = folder.assetcatalog; path = Assets.xcassets; sourceTree = "<group>"; };
		1CDB330928CE747C00A033F2 /* Base */ = {isa = PBXFileReference; lastKnownFileType = file.storyboard; name = Base; path = Base.lproj/LaunchScreen.storyboard; sourceTree = "<group>"; };
		1CDB330B28CE747C00A033F2 /* Info.plist */ = {isa = PBXFileReference; lastKnownFileType = text.plist.xml; path = Info.plist; sourceTree = "<group>"; };
		1CDB331028CE747C00A033F2 /* FlixTests.xctest */ = {isa = PBXFileReference; explicitFileType = wrapper.cfbundle; includeInIndex = 0; path = FlixTests.xctest; sourceTree = BUILT_PRODUCTS_DIR; };
		1CDB331428CE747C00A033F2 /* FlixTests.swift */ = {isa = PBXFileReference; lastKnownFileType = sourcecode.swift; path = FlixTests.swift; sourceTree = "<group>"; };
		1CDB331A28CE747C00A033F2 /* FlixUITests.xctest */ = {isa = PBXFileReference; explicitFileType = wrapper.cfbundle; includeInIndex = 0; path = FlixUITests.xctest; sourceTree = BUILT_PRODUCTS_DIR; };
		1CDB331E28CE747C00A033F2 /* FlixUITests.swift */ = {isa = PBXFileReference; lastKnownFileType = sourcecode.swift; path = FlixUITests.swift; sourceTree = "<group>"; };
		1CDB332028CE747C00A033F2 /* FlixUITestsLaunchTests.swift */ = {isa = PBXFileReference; lastKnownFileType = sourcecode.swift; path = FlixUITestsLaunchTests.swift; sourceTree = "<group>"; };
		1CDB332D28CE994D00A033F2 /* MovieCell.swift */ = {isa = PBXFileReference; lastKnownFileType = sourcecode.swift; path = MovieCell.swift; sourceTree = "<group>"; };
		1CDB333228D79E8000A033F2 /* MovieDetailsViewController.swift */ = {isa = PBXFileReference; lastKnownFileType = sourcecode.swift; path = MovieDetailsViewController.swift; sourceTree = "<group>"; };
		1CDB333428D7FCDB00A033F2 /* MovieGridViewController.swift */ = {isa = PBXFileReference; lastKnownFileType = sourcecode.swift; path = MovieGridViewController.swift; sourceTree = "<group>"; };
		1CDB333628D8185000A033F2 /* MovieGridCell.swift */ = {isa = PBXFileReference; lastKnownFileType = sourcecode.swift; path = MovieGridCell.swift; sourceTree = "<group>"; };
		258A4E0F853EFEA08F37BB93 /* Pods-FlixTests.release.xcconfig */ = {isa = PBXFileReference; includeInIndex = 1; lastKnownFileType = text.xcconfig; name = "Pods-FlixTests.release.xcconfig"; path = "Target Support Files/Pods-FlixTests/Pods-FlixTests.release.xcconfig"; sourceTree = "<group>"; };
		46470F1A1B4EFA7E5EA1E6F9 /* Pods-Flix.debug.xcconfig */ = {isa = PBXFileReference; includeInIndex = 1; lastKnownFileType = text.xcconfig; name = "Pods-Flix.debug.xcconfig"; path = "Target Support Files/Pods-Flix/Pods-Flix.debug.xcconfig"; sourceTree = "<group>"; };
		548E5F23EC725847F009C31A /* Pods-Flix.release.xcconfig */ = {isa = PBXFileReference; includeInIndex = 1; lastKnownFileType = text.xcconfig; name = "Pods-Flix.release.xcconfig"; path = "Target Support Files/Pods-Flix/Pods-Flix.release.xcconfig"; sourceTree = "<group>"; };
		57AB3243F27B4E4A06498CB4 /* Pods_Flix.framework */ = {isa = PBXFileReference; explicitFileType = wrapper.framework; includeInIndex = 0; path = Pods_Flix.framework; sourceTree = BUILT_PRODUCTS_DIR; };
		5DAA2BEC8956C6C48967ACBA /* Pods-FlixTests.debug.xcconfig */ = {isa = PBXFileReference; includeInIndex = 1; lastKnownFileType = text.xcconfig; name = "Pods-FlixTests.debug.xcconfig"; path = "Target Support Files/Pods-FlixTests/Pods-FlixTests.debug.xcconfig"; sourceTree = "<group>"; };
		857C30C76AA7E5BC9C96BA44 /* Pods-Flix-FlixUITests.release.xcconfig */ = {isa = PBXFileReference; includeInIndex = 1; lastKnownFileType = text.xcconfig; name = "Pods-Flix-FlixUITests.release.xcconfig"; path = "Target Support Files/Pods-Flix-FlixUITests/Pods-Flix-FlixUITests.release.xcconfig"; sourceTree = "<group>"; };
		A6750C9421F28B7F984B9460 /* Pods_FlixTests.framework */ = {isa = PBXFileReference; explicitFileType = wrapper.framework; includeInIndex = 0; path = Pods_FlixTests.framework; sourceTree = BUILT_PRODUCTS_DIR; };
		B1DF462F1EA0A0A5F0F6B077 /* Pods-Flix-FlixUITests.debug.xcconfig */ = {isa = PBXFileReference; includeInIndex = 1; lastKnownFileType = text.xcconfig; name = "Pods-Flix-FlixUITests.debug.xcconfig"; path = "Target Support Files/Pods-Flix-FlixUITests/Pods-Flix-FlixUITests.debug.xcconfig"; sourceTree = "<group>"; };
		D02AED269D7CCAF2A01CFD49 /* Pods_Flix_FlixUITests.framework */ = {isa = PBXFileReference; explicitFileType = wrapper.framework; includeInIndex = 0; path = Pods_Flix_FlixUITests.framework; sourceTree = BUILT_PRODUCTS_DIR; };
/* End PBXFileReference section */

/* Begin PBXFrameworksBuildPhase section */
		1CDB32F728CE747C00A033F2 /* Frameworks */ = {
			isa = PBXFrameworksBuildPhase;
			buildActionMask = 2147483647;
			files = (
				1CDB333128CEA17A00A033F2 /* AlamofireImage in Frameworks */,
				296C967ED9974AF0480284A1 /* Pods_Flix.framework in Frameworks */,
			);
			runOnlyForDeploymentPostprocessing = 0;
		};
		1CDB330D28CE747C00A033F2 /* Frameworks */ = {
			isa = PBXFrameworksBuildPhase;
			buildActionMask = 2147483647;
			files = (
				A47362584F4154ED310E1B85 /* Pods_FlixTests.framework in Frameworks */,
			);
			runOnlyForDeploymentPostprocessing = 0;
		};
		1CDB331728CE747C00A033F2 /* Frameworks */ = {
			isa = PBXFrameworksBuildPhase;
			buildActionMask = 2147483647;
			files = (
				E0C696C41A50FC7A270CC1CF /* Pods_Flix_FlixUITests.framework in Frameworks */,
			);
			runOnlyForDeploymentPostprocessing = 0;
		};
/* End PBXFrameworksBuildPhase section */

/* Begin PBXGroup section */
		1CDB32F128CE747C00A033F2 = {
			isa = PBXGroup;
			children = (
				1CDB32FC28CE747C00A033F2 /* Flix */,
				1CDB331328CE747C00A033F2 /* FlixTests */,
				1CDB331D28CE747C00A033F2 /* FlixUITests */,
				1CDB32FB28CE747C00A033F2 /* Products */,
				8D7658E7EC8F71A80042863F /* Pods */,
				2F6C0726F656DB11A96B86B7 /* Frameworks */,
			);
			sourceTree = "<group>";
		};
		1CDB32FB28CE747C00A033F2 /* Products */ = {
			isa = PBXGroup;
			children = (
				1CDB32FA28CE747C00A033F2 /* Flix.app */,
				1CDB331028CE747C00A033F2 /* FlixTests.xctest */,
				1CDB331A28CE747C00A033F2 /* FlixUITests.xctest */,
			);
			name = Products;
			sourceTree = "<group>";
		};
		1CDB32FC28CE747C00A033F2 /* Flix */ = {
			isa = PBXGroup;
			children = (
				1CDB32FD28CE747C00A033F2 /* AppDelegate.swift */,
				1CDB32FF28CE747C00A033F2 /* SceneDelegate.swift */,
				1CDB330128CE747C00A033F2 /* MoviesViewController.swift */,
				1CDB330328CE747C00A033F2 /* Main.storyboard */,
				1CDB330628CE747C00A033F2 /* Assets.xcassets */,
				1CDB330828CE747C00A033F2 /* LaunchScreen.storyboard */,
				1CDB330B28CE747C00A033F2 /* Info.plist */,
				1CDB332D28CE994D00A033F2 /* MovieCell.swift */,
				1CDB333228D79E8000A033F2 /* MovieDetailsViewController.swift */,
				1CDB333428D7FCDB00A033F2 /* MovieGridViewController.swift */,
				1CDB333628D8185000A033F2 /* MovieGridCell.swift */,
			);
			path = Flix;
			sourceTree = "<group>";
		};
		1CDB331328CE747C00A033F2 /* FlixTests */ = {
			isa = PBXGroup;
			children = (
				1CDB331428CE747C00A033F2 /* FlixTests.swift */,
			);
			path = FlixTests;
			sourceTree = "<group>";
		};
		1CDB331D28CE747C00A033F2 /* FlixUITests */ = {
			isa = PBXGroup;
			children = (
				1CDB331E28CE747C00A033F2 /* FlixUITests.swift */,
				1CDB332028CE747C00A033F2 /* FlixUITestsLaunchTests.swift */,
			);
			path = FlixUITests;
			sourceTree = "<group>";
		};
		2F6C0726F656DB11A96B86B7 /* Frameworks */ = {
			isa = PBXGroup;
			children = (
				57AB3243F27B4E4A06498CB4 /* Pods_Flix.framework */,
				D02AED269D7CCAF2A01CFD49 /* Pods_Flix_FlixUITests.framework */,
				A6750C9421F28B7F984B9460 /* Pods_FlixTests.framework */,
			);
			name = Frameworks;
			sourceTree = "<group>";
		};
		8D7658E7EC8F71A80042863F /* Pods */ = {
			isa = PBXGroup;
			children = (
				46470F1A1B4EFA7E5EA1E6F9 /* Pods-Flix.debug.xcconfig */,
				548E5F23EC725847F009C31A /* Pods-Flix.release.xcconfig */,
				B1DF462F1EA0A0A5F0F6B077 /* Pods-Flix-FlixUITests.debug.xcconfig */,
				857C30C76AA7E5BC9C96BA44 /* Pods-Flix-FlixUITests.release.xcconfig */,
				5DAA2BEC8956C6C48967ACBA /* Pods-FlixTests.debug.xcconfig */,
				258A4E0F853EFEA08F37BB93 /* Pods-FlixTests.release.xcconfig */,
			);
			path = Pods;
			sourceTree = "<group>";
		};
/* End PBXGroup section */

/* Begin PBXNativeTarget section */
		1CDB32F928CE747C00A033F2 /* Flix */ = {
			isa = PBXNativeTarget;
			buildConfigurationList = 1CDB332428CE747C00A033F2 /* Build configuration list for PBXNativeTarget "Flix" */;
			buildPhases = (
				F64314ECFF756B6AA434DF6B /* [CP] Check Pods Manifest.lock */,
				1CDB32F628CE747C00A033F2 /* Sources */,
				1CDB32F728CE747C00A033F2 /* Frameworks */,
				1CDB32F828CE747C00A033F2 /* Resources */,
				A6A0E70BDBB8AF9DA017EC6E /* [CP] Embed Pods Frameworks */,
			);
			buildRules = (
			);
			dependencies = (
			);
			name = Flix;
			packageProductDependencies = (
				1CDB333028CEA17A00A033F2 /* AlamofireImage */,
			);
			productName = Flix;
			productReference = 1CDB32FA28CE747C00A033F2 /* Flix.app */;
			productType = "com.apple.product-type.application";
		};
		1CDB330F28CE747C00A033F2 /* FlixTests */ = {
			isa = PBXNativeTarget;
			buildConfigurationList = 1CDB332728CE747C00A033F2 /* Build configuration list for PBXNativeTarget "FlixTests" */;
			buildPhases = (
				164A638AC8810EBDA09C0A7A /* [CP] Check Pods Manifest.lock */,
				1CDB330C28CE747C00A033F2 /* Sources */,
				1CDB330D28CE747C00A033F2 /* Frameworks */,
				1CDB330E28CE747C00A033F2 /* Resources */,
			);
			buildRules = (
			);
			dependencies = (
				1CDB331228CE747C00A033F2 /* PBXTargetDependency */,
			);
			name = FlixTests;
			productName = FlixTests;
			productReference = 1CDB331028CE747C00A033F2 /* FlixTests.xctest */;
			productType = "com.apple.product-type.bundle.unit-test";
		};
		1CDB331928CE747C00A033F2 /* FlixUITests */ = {
			isa = PBXNativeTarget;
			buildConfigurationList = 1CDB332A28CE747C00A033F2 /* Build configuration list for PBXNativeTarget "FlixUITests" */;
			buildPhases = (
				B275E327E86E33C653C4B906 /* [CP] Check Pods Manifest.lock */,
				1CDB331628CE747C00A033F2 /* Sources */,
				1CDB331728CE747C00A033F2 /* Frameworks */,
				1CDB331828CE747C00A033F2 /* Resources */,
				4A55188A9DC5B609E3693654 /* [CP] Embed Pods Frameworks */,
			);
			buildRules = (
			);
			dependencies = (
				1CDB331C28CE747C00A033F2 /* PBXTargetDependency */,
			);
			name = FlixUITests;
			productName = FlixUITests;
			productReference = 1CDB331A28CE747C00A033F2 /* FlixUITests.xctest */;
			productType = "com.apple.product-type.bundle.ui-testing";
		};
/* End PBXNativeTarget section */

/* Begin PBXProject section */
		1CDB32F228CE747C00A033F2 /* Project object */ = {
			isa = PBXProject;
			attributes = {
				BuildIndependentTargetsInParallel = 1;
				LastSwiftUpdateCheck = 1340;
				LastUpgradeCheck = 1340;
				TargetAttributes = {
					1CDB32F928CE747C00A033F2 = {
						CreatedOnToolsVersion = 13.4.1;
					};
					1CDB330F28CE747C00A033F2 = {
						CreatedOnToolsVersion = 13.4.1;
						TestTargetID = 1CDB32F928CE747C00A033F2;
					};
					1CDB331928CE747C00A033F2 = {
						CreatedOnToolsVersion = 13.4.1;
						TestTargetID = 1CDB32F928CE747C00A033F2;
					};
				};
			};
			buildConfigurationList = 1CDB32F528CE747C00A033F2 /* Build configuration list for PBXProject "Flix" */;
			compatibilityVersion = "Xcode 13.0";
			developmentRegion = en;
			hasScannedForEncodings = 0;
			knownRegions = (
				en,
				Base,
			);
			mainGroup = 1CDB32F128CE747C00A033F2;
			packageReferences = (
				1CDB332F28CEA17A00A033F2 /* XCRemoteSwiftPackageReference "AlamofireImage" */,
			);
			productRefGroup = 1CDB32FB28CE747C00A033F2 /* Products */;
			projectDirPath = "";
			projectRoot = "";
			targets = (
				1CDB32F928CE747C00A033F2 /* Flix */,
				1CDB330F28CE747C00A033F2 /* FlixTests */,
				1CDB331928CE747C00A033F2 /* FlixUITests */,
			);
		};
/* End PBXProject section */

/* Begin PBXResourcesBuildPhase section */
		1CDB32F828CE747C00A033F2 /* Resources */ = {
			isa = PBXResourcesBuildPhase;
			buildActionMask = 2147483647;
			files = (
				1CDB330A28CE747C00A033F2 /* LaunchScreen.storyboard in Resources */,
				1CDB330728CE747C00A033F2 /* Assets.xcassets in Resources */,
				1CDB330528CE747C00A033F2 /* Main.storyboard in Resources */,
			);
			runOnlyForDeploymentPostprocessing = 0;
		};
		1CDB330E28CE747C00A033F2 /* Resources */ = {
			isa = PBXResourcesBuildPhase;
			buildActionMask = 2147483647;
			files = (
			);
			runOnlyForDeploymentPostprocessing = 0;
		};
		1CDB331828CE747C00A033F2 /* Resources */ = {
			isa = PBXResourcesBuildPhase;
			buildActionMask = 2147483647;
			files = (
			);
			runOnlyForDeploymentPostprocessing = 0;
		};
/* End PBXResourcesBuildPhase section */

/* Begin PBXShellScriptBuildPhase section */
		164A638AC8810EBDA09C0A7A /* [CP] Check Pods Manifest.lock */ = {
			isa = PBXShellScriptBuildPhase;
			buildActionMask = 2147483647;
			files = (
			);
			inputFileListPaths = (
			);
			inputPaths = (
				"${PODS_PODFILE_DIR_PATH}/Podfile.lock",
				"${PODS_ROOT}/Manifest.lock",
			);
			name = "[CP] Check Pods Manifest.lock";
			outputFileListPaths = (
			);
			outputPaths = (
				"$(DERIVED_FILE_DIR)/Pods-FlixTests-checkManifestLockResult.txt",
			);
			runOnlyForDeploymentPostprocessing = 0;
			shellPath = /bin/sh;
			shellScript = "diff \"${PODS_PODFILE_DIR_PATH}/Podfile.lock\" \"${PODS_ROOT}/Manifest.lock\" > /dev/null\nif [ $? != 0 ] ; then\n    # print error to STDERR\n    echo \"error: The sandbox is not in sync with the Podfile.lock. Run 'pod install' or update your CocoaPods installation.\" >&2\n    exit 1\nfi\n# This output is used by Xcode 'outputs' to avoid re-running this script phase.\necho \"SUCCESS\" > \"${SCRIPT_OUTPUT_FILE_0}\"\n";
			showEnvVarsInLog = 0;
		};
		4A55188A9DC5B609E3693654 /* [CP] Embed Pods Frameworks */ = {
			isa = PBXShellScriptBuildPhase;
			buildActionMask = 2147483647;
			files = (
			);
			inputFileListPaths = (
				"${PODS_ROOT}/Target Support Files/Pods-Flix-FlixUITests/Pods-Flix-FlixUITests-frameworks-${CONFIGURATION}-input-files.xcfilelist",
			);
			name = "[CP] Embed Pods Frameworks";
			outputFileListPaths = (
				"${PODS_ROOT}/Target Support Files/Pods-Flix-FlixUITests/Pods-Flix-FlixUITests-frameworks-${CONFIGURATION}-output-files.xcfilelist",
			);
			runOnlyForDeploymentPostprocessing = 0;
			shellPath = /bin/sh;
			shellScript = "\"${PODS_ROOT}/Target Support Files/Pods-Flix-FlixUITests/Pods-Flix-FlixUITests-frameworks.sh\"\n";
			showEnvVarsInLog = 0;
		};
		A6A0E70BDBB8AF9DA017EC6E /* [CP] Embed Pods Frameworks */ = {
			isa = PBXShellScriptBuildPhase;
			buildActionMask = 2147483647;
			files = (
			);
			inputFileListPaths = (
				"${PODS_ROOT}/Target Support Files/Pods-Flix/Pods-Flix-frameworks-${CONFIGURATION}-input-files.xcfilelist",
			);
			name = "[CP] Embed Pods Frameworks";
			outputFileListPaths = (
				"${PODS_ROOT}/Target Support Files/Pods-Flix/Pods-Flix-frameworks-${CONFIGURATION}-output-files.xcfilelist",
			);
			runOnlyForDeploymentPostprocessing = 0;
			shellPath = /bin/sh;
			shellScript = "\"${PODS_ROOT}/Target Support Files/Pods-Flix/Pods-Flix-frameworks.sh\"\n";
			showEnvVarsInLog = 0;
		};
		B275E327E86E33C653C4B906 /* [CP] Check Pods Manifest.lock */ = {
			isa = PBXShellScriptBuildPhase;
			buildActionMask = 2147483647;
			files = (
			);
			inputFileListPaths = (
			);
			inputPaths = (
				"${PODS_PODFILE_DIR_PATH}/Podfile.lock",
				"${PODS_ROOT}/Manifest.lock",
			);
			name = "[CP] Check Pods Manifest.lock";
			outputFileListPaths = (
			);
			outputPaths = (
				"$(DERIVED_FILE_DIR)/Pods-Flix-FlixUITests-checkManifestLockResult.txt",
			);
			runOnlyForDeploymentPostprocessing = 0;
			shellPath = /bin/sh;
			shellScript = "diff \"${PODS_PODFILE_DIR_PATH}/Podfile.lock\" \"${PODS_ROOT}/Manifest.lock\" > /dev/null\nif [ $? != 0 ] ; then\n    # print error to STDERR\n    echo \"error: The sandbox is not in sync with the Podfile.lock. Run 'pod install' or update your CocoaPods installation.\" >&2\n    exit 1\nfi\n# This output is used by Xcode 'outputs' to avoid re-running this script phase.\necho \"SUCCESS\" > \"${SCRIPT_OUTPUT_FILE_0}\"\n";
			showEnvVarsInLog = 0;
		};
		F64314ECFF756B6AA434DF6B /* [CP] Check Pods Manifest.lock */ = {
			isa = PBXShellScriptBuildPhase;
			buildActionMask = 2147483647;
			files = (
			);
			inputFileListPaths = (
			);
			inputPaths = (
				"${PODS_PODFILE_DIR_PATH}/Podfile.lock",
				"${PODS_ROOT}/Manifest.lock",
			);
			name = "[CP] Check Pods Manifest.lock";
			outputFileListPaths = (
			);
			outputPaths = (
				"$(DERIVED_FILE_DIR)/Pods-Flix-checkManifestLockResult.txt",
			);
			runOnlyForDeploymentPostprocessing = 0;
			shellPath = /bin/sh;
			shellScript = "diff \"${PODS_PODFILE_DIR_PATH}/Podfile.lock\" \"${PODS_ROOT}/Manifest.lock\" > /dev/null\nif [ $? != 0 ] ; then\n    # print error to STDERR\n    echo \"error: The sandbox is not in sync with the Podfile.lock. Run 'pod install' or update your CocoaPods installation.\" >&2\n    exit 1\nfi\n# This output is used by Xcode 'outputs' to avoid re-running this script phase.\necho \"SUCCESS\" > \"${SCRIPT_OUTPUT_FILE_0}\"\n";
			showEnvVarsInLog = 0;
		};
/* End PBXShellScriptBuildPhase section */

/* Begin PBXSourcesBuildPhase section */
		1CDB32F628CE747C00A033F2 /* Sources */ = {
			isa = PBXSourcesBuildPhase;
			buildActionMask = 2147483647;
			files = (
				1CDB333328D79E8000A033F2 /* MovieDetailsViewController.swift in Sources */,
				1CDB330228CE747C00A033F2 /* MoviesViewController.swift in Sources */,
				1CDB32FE28CE747C00A033F2 /* AppDelegate.swift in Sources */,
				1CDB332E28CE994D00A033F2 /* MovieCell.swift in Sources */,
				1CDB330028CE747C00A033F2 /* SceneDelegate.swift in Sources */,
				1CDB333528D7FCDB00A033F2 /* MovieGridViewController.swift in Sources */,
				1CDB333728D8185000A033F2 /* MovieGridCell.swift in Sources */,
			);
			runOnlyForDeploymentPostprocessing = 0;
		};
		1CDB330C28CE747C00A033F2 /* Sources */ = {
			isa = PBXSourcesBuildPhase;
			buildActionMask = 2147483647;
			files = (
				1CDB331528CE747C00A033F2 /* FlixTests.swift in Sources */,
			);
			runOnlyForDeploymentPostprocessing = 0;
		};
		1CDB331628CE747C00A033F2 /* Sources */ = {
			isa = PBXSourcesBuildPhase;
			buildActionMask = 2147483647;
			files = (
				1CDB331F28CE747C00A033F2 /* FlixUITests.swift in Sources */,
				1CDB332128CE747C00A033F2 /* FlixUITestsLaunchTests.swift in Sources */,
			);
			runOnlyForDeploymentPostprocessing = 0;
		};
/* End PBXSourcesBuildPhase section */

/* Begin PBXTargetDependency section */
		1CDB331228CE747C00A033F2 /* PBXTargetDependency */ = {
			isa = PBXTargetDependency;
			target = 1CDB32F928CE747C00A033F2 /* Flix */;
			targetProxy = 1CDB331128CE747C00A033F2 /* PBXContainerItemProxy */;
		};
		1CDB331C28CE747C00A033F2 /* PBXTargetDependency */ = {
			isa = PBXTargetDependency;
			target = 1CDB32F928CE747C00A033F2 /* Flix */;
			targetProxy = 1CDB331B28CE747C00A033F2 /* PBXContainerItemProxy */;
		};
/* End PBXTargetDependency section */

/* Begin PBXVariantGroup section */
		1CDB330328CE747C00A033F2 /* Main.storyboard */ = {
			isa = PBXVariantGroup;
			children = (
				1CDB330428CE747C00A033F2 /* Base */,
			);
			name = Main.storyboard;
			sourceTree = "<group>";
		};
		1CDB330828CE747C00A033F2 /* LaunchScreen.storyboard */ = {
			isa = PBXVariantGroup;
			children = (
				1CDB330928CE747C00A033F2 /* Base */,
			);
			name = LaunchScreen.storyboard;
			sourceTree = "<group>";
		};
/* End PBXVariantGroup section */

/* Begin XCBuildConfiguration section */
		1CDB332228CE747C00A033F2 /* Debug */ = {
			isa = XCBuildConfiguration;
			buildSettings = {
				ALWAYS_SEARCH_USER_PATHS = NO;
				CLANG_ANALYZER_NONNULL = YES;
				CLANG_ANALYZER_NUMBER_OBJECT_CONVERSION = YES_AGGRESSIVE;
				CLANG_CXX_LANGUAGE_STANDARD = "gnu++17";
				CLANG_ENABLE_MODULES = YES;
				CLANG_ENABLE_OBJC_ARC = YES;
				CLANG_ENABLE_OBJC_WEAK = YES;
				CLANG_WARN_BLOCK_CAPTURE_AUTORELEASING = YES;
				CLANG_WARN_BOOL_CONVERSION = YES;
				CLANG_WARN_COMMA = YES;
				CLANG_WARN_CONSTANT_CONVERSION = YES;
				CLANG_WARN_DEPRECATED_OBJC_IMPLEMENTATIONS = YES;
				CLANG_WARN_DIRECT_OBJC_ISA_USAGE = YES_ERROR;
				CLANG_WARN_DOCUMENTATION_COMMENTS = YES;
				CLANG_WARN_EMPTY_BODY = YES;
				CLANG_WARN_ENUM_CONVERSION = YES;
				CLANG_WARN_INFINITE_RECURSION = YES;
				CLANG_WARN_INT_CONVERSION = YES;
				CLANG_WARN_NON_LITERAL_NULL_CONVERSION = YES;
				CLANG_WARN_OBJC_IMPLICIT_RETAIN_SELF = YES;
				CLANG_WARN_OBJC_LITERAL_CONVERSION = YES;
				CLANG_WARN_OBJC_ROOT_CLASS = YES_ERROR;
				CLANG_WARN_QUOTED_INCLUDE_IN_FRAMEWORK_HEADER = YES;
				CLANG_WARN_RANGE_LOOP_ANALYSIS = YES;
				CLANG_WARN_STRICT_PROTOTYPES = YES;
				CLANG_WARN_SUSPICIOUS_MOVE = YES;
				CLANG_WARN_UNGUARDED_AVAILABILITY = YES_AGGRESSIVE;
				CLANG_WARN_UNREACHABLE_CODE = YES;
				CLANG_WARN__DUPLICATE_METHOD_MATCH = YES;
				COPY_PHASE_STRIP = NO;
				DEBUG_INFORMATION_FORMAT = dwarf;
				ENABLE_STRICT_OBJC_MSGSEND = YES;
				ENABLE_TESTABILITY = YES;
				GCC_C_LANGUAGE_STANDARD = gnu11;
				GCC_DYNAMIC_NO_PIC = NO;
				GCC_NO_COMMON_BLOCKS = YES;
				GCC_OPTIMIZATION_LEVEL = 0;
				GCC_PREPROCESSOR_DEFINITIONS = (
					"DEBUG=1",
					"$(inherited)",
				);
				GCC_WARN_64_TO_32_BIT_CONVERSION = YES;
				GCC_WARN_ABOUT_RETURN_TYPE = YES_ERROR;
				GCC_WARN_UNDECLARED_SELECTOR = YES;
				GCC_WARN_UNINITIALIZED_AUTOS = YES_AGGRESSIVE;
				GCC_WARN_UNUSED_FUNCTION = YES;
				GCC_WARN_UNUSED_VARIABLE = YES;
				IPHONEOS_DEPLOYMENT_TARGET = 15.5;
				MTL_ENABLE_DEBUG_INFO = INCLUDE_SOURCE;
				MTL_FAST_MATH = YES;
				ONLY_ACTIVE_ARCH = YES;
				SDKROOT = iphoneos;
				SWIFT_ACTIVE_COMPILATION_CONDITIONS = DEBUG;
				SWIFT_OPTIMIZATION_LEVEL = "-Onone";
			};
			name = Debug;
		};
		1CDB332328CE747C00A033F2 /* Release */ = {
			isa = XCBuildConfiguration;
			buildSettings = {
				ALWAYS_SEARCH_USER_PATHS = NO;
				CLANG_ANALYZER_NONNULL = YES;
				CLANG_ANALYZER_NUMBER_OBJECT_CONVERSION = YES_AGGRESSIVE;
				CLANG_CXX_LANGUAGE_STANDARD = "gnu++17";
				CLANG_ENABLE_MODULES = YES;
				CLANG_ENABLE_OBJC_ARC = YES;
				CLANG_ENABLE_OBJC_WEAK = YES;
				CLANG_WARN_BLOCK_CAPTURE_AUTORELEASING = YES;
				CLANG_WARN_BOOL_CONVERSION = YES;
				CLANG_WARN_COMMA = YES;
				CLANG_WARN_CONSTANT_CONVERSION = YES;
				CLANG_WARN_DEPRECATED_OBJC_IMPLEMENTATIONS = YES;
				CLANG_WARN_DIRECT_OBJC_ISA_USAGE = YES_ERROR;
				CLANG_WARN_DOCUMENTATION_COMMENTS = YES;
				CLANG_WARN_EMPTY_BODY = YES;
				CLANG_WARN_ENUM_CONVERSION = YES;
				CLANG_WARN_INFINITE_RECURSION = YES;
				CLANG_WARN_INT_CONVERSION = YES;
				CLANG_WARN_NON_LITERAL_NULL_CONVERSION = YES;
				CLANG_WARN_OBJC_IMPLICIT_RETAIN_SELF = YES;
				CLANG_WARN_OBJC_LITERAL_CONVERSION = YES;
				CLANG_WARN_OBJC_ROOT_CLASS = YES_ERROR;
				CLANG_WARN_QUOTED_INCLUDE_IN_FRAMEWORK_HEADER = YES;
				CLANG_WARN_RANGE_LOOP_ANALYSIS = YES;
				CLANG_WARN_STRICT_PROTOTYPES = YES;
				CLANG_WARN_SUSPICIOUS_MOVE = YES;
				CLANG_WARN_UNGUARDED_AVAILABILITY = YES_AGGRESSIVE;
				CLANG_WARN_UNREACHABLE_CODE = YES;
				CLANG_WARN__DUPLICATE_METHOD_MATCH = YES;
				COPY_PHASE_STRIP = NO;
				DEBUG_INFORMATION_FORMAT = "dwarf-with-dsym";
				ENABLE_NS_ASSERTIONS = NO;
				ENABLE_STRICT_OBJC_MSGSEND = YES;
				GCC_C_LANGUAGE_STANDARD = gnu11;
				GCC_NO_COMMON_BLOCKS = YES;
				GCC_WARN_64_TO_32_BIT_CONVERSION = YES;
				GCC_WARN_ABOUT_RETURN_TYPE = YES_ERROR;
				GCC_WARN_UNDECLARED_SELECTOR = YES;
				GCC_WARN_UNINITIALIZED_AUTOS = YES_AGGRESSIVE;
				GCC_WARN_UNUSED_FUNCTION = YES;
				GCC_WARN_UNUSED_VARIABLE = YES;
				IPHONEOS_DEPLOYMENT_TARGET = 15.5;
				MTL_ENABLE_DEBUG_INFO = NO;
				MTL_FAST_MATH = YES;
				SDKROOT = iphoneos;
				SWIFT_COMPILATION_MODE = wholemodule;
				SWIFT_OPTIMIZATION_LEVEL = "-O";
				VALIDATE_PRODUCT = YES;
			};
			name = Release;
		};
		1CDB332528CE747C00A033F2 /* Debug */ = {
			isa = XCBuildConfiguration;
			baseConfigurationReference = 46470F1A1B4EFA7E5EA1E6F9 /* Pods-Flix.debug.xcconfig */;
			buildSettings = {
				ASSETCATALOG_COMPILER_APPICON_NAME = AppIcon;
				ASSETCATALOG_COMPILER_GLOBAL_ACCENT_COLOR_NAME = AccentColor;
				CODE_SIGN_STYLE = Automatic;
				CURRENT_PROJECT_VERSION = 1;
				GENERATE_INFOPLIST_FILE = YES;
				INFOPLIST_FILE = Flix/Info.plist;
				INFOPLIST_KEY_UIApplicationSupportsIndirectInputEvents = YES;
				INFOPLIST_KEY_UILaunchStoryboardName = LaunchScreen;
				INFOPLIST_KEY_UIMainStoryboardFile = Main;
				INFOPLIST_KEY_UISupportedInterfaceOrientations_iPad = "UIInterfaceOrientationPortrait UIInterfaceOrientationPortraitUpsideDown UIInterfaceOrientationLandscapeLeft UIInterfaceOrientationLandscapeRight";
				INFOPLIST_KEY_UISupportedInterfaceOrientations_iPhone = "UIInterfaceOrientationPortrait UIInterfaceOrientationLandscapeLeft UIInterfaceOrientationLandscapeRight";
				LD_RUNPATH_SEARCH_PATHS = (
					"$(inherited)",
					"@executable_path/Frameworks",
				);
				MARKETING_VERSION = 1.0;
				PRODUCT_BUNDLE_IDENTIFIER = com.abbyclarke.Flix;
				PRODUCT_NAME = "$(TARGET_NAME)";
				SWIFT_EMIT_LOC_STRINGS = YES;
				SWIFT_VERSION = 5.0;
				TARGETED_DEVICE_FAMILY = "1,2";
			};
			name = Debug;
		};
		1CDB332628CE747C00A033F2 /* Release */ = {
			isa = XCBuildConfiguration;
			baseConfigurationReference = 548E5F23EC725847F009C31A /* Pods-Flix.release.xcconfig */;
			buildSettings = {
				ASSETCATALOG_COMPILER_APPICON_NAME = AppIcon;
				ASSETCATALOG_COMPILER_GLOBAL_ACCENT_COLOR_NAME = AccentColor;
				CODE_SIGN_STYLE = Automatic;
				CURRENT_PROJECT_VERSION = 1;
				GENERATE_INFOPLIST_FILE = YES;
				INFOPLIST_FILE = Flix/Info.plist;
				INFOPLIST_KEY_UIApplicationSupportsIndirectInputEvents = YES;
				INFOPLIST_KEY_UILaunchStoryboardName = LaunchScreen;
				INFOPLIST_KEY_UIMainStoryboardFile = Main;
				INFOPLIST_KEY_UISupportedInterfaceOrientations_iPad = "UIInterfaceOrientationPortrait UIInterfaceOrientationPortraitUpsideDown UIInterfaceOrientationLandscapeLeft UIInterfaceOrientationLandscapeRight";
				INFOPLIST_KEY_UISupportedInterfaceOrientations_iPhone = "UIInterfaceOrientationPortrait UIInterfaceOrientationLandscapeLeft UIInterfaceOrientationLandscapeRight";
				LD_RUNPATH_SEARCH_PATHS = (
					"$(inherited)",
					"@executable_path/Frameworks",
				);
				MARKETING_VERSION = 1.0;
				PRODUCT_BUNDLE_IDENTIFIER = com.abbyclarke.Flix;
				PRODUCT_NAME = "$(TARGET_NAME)";
				SWIFT_EMIT_LOC_STRINGS = YES;
				SWIFT_VERSION = 5.0;
				TARGETED_DEVICE_FAMILY = "1,2";
			};
			name = Release;
		};
		1CDB332828CE747C00A033F2 /* Debug */ = {
			isa = XCBuildConfiguration;
			baseConfigurationReference = 5DAA2BEC8956C6C48967ACBA /* Pods-FlixTests.debug.xcconfig */;
			buildSettings = {
				ALWAYS_EMBED_SWIFT_STANDARD_LIBRARIES = YES;
				BUNDLE_LOADER = "$(TEST_HOST)";
				CODE_SIGN_STYLE = Automatic;
				CURRENT_PROJECT_VERSION = 1;
				GENERATE_INFOPLIST_FILE = YES;
				IPHONEOS_DEPLOYMENT_TARGET = 15.5;
				MARKETING_VERSION = 1.0;
				PRODUCT_BUNDLE_IDENTIFIER = com.abbyclarke.FlixTests;
				PRODUCT_NAME = "$(TARGET_NAME)";
				SWIFT_EMIT_LOC_STRINGS = NO;
				SWIFT_VERSION = 5.0;
				TARGETED_DEVICE_FAMILY = "1,2";
				TEST_HOST = "$(BUILT_PRODUCTS_DIR)/Flix.app/Flix";
			};
			name = Debug;
		};
		1CDB332928CE747C00A033F2 /* Release */ = {
			isa = XCBuildConfiguration;
			baseConfigurationReference = 258A4E0F853EFEA08F37BB93 /* Pods-FlixTests.release.xcconfig */;
			buildSettings = {
				ALWAYS_EMBED_SWIFT_STANDARD_LIBRARIES = YES;
				BUNDLE_LOADER = "$(TEST_HOST)";
				CODE_SIGN_STYLE = Automatic;
				CURRENT_PROJECT_VERSION = 1;
				GENERATE_INFOPLIST_FILE = YES;
				IPHONEOS_DEPLOYMENT_TARGET = 15.5;
				MARKETING_VERSION = 1.0;
				PRODUCT_BUNDLE_IDENTIFIER = com.abbyclarke.FlixTests;
				PRODUCT_NAME = "$(TARGET_NAME)";
				SWIFT_EMIT_LOC_STRINGS = NO;
				SWIFT_VERSION = 5.0;
				TARGETED_DEVICE_FAMILY = "1,2";
				TEST_HOST = "$(BUILT_PRODUCTS_DIR)/Flix.app/Flix";
			};
			name = Release;
		};
		1CDB332B28CE747C00A033F2 /* Debug */ = {
			isa = XCBuildConfiguration;
			baseConfigurationReference = B1DF462F1EA0A0A5F0F6B077 /* Pods-Flix-FlixUITests.debug.xcconfig */;
			buildSettings = {
				ALWAYS_EMBED_SWIFT_STANDARD_LIBRARIES = YES;
				CODE_SIGN_STYLE = Automatic;
				CURRENT_PROJECT_VERSION = 1;
				GENERATE_INFOPLIST_FILE = YES;
				MARKETING_VERSION = 1.0;
				PRODUCT_BUNDLE_IDENTIFIER = com.abbyclarke.FlixUITests;
				PRODUCT_NAME = "$(TARGET_NAME)";
				SWIFT_EMIT_LOC_STRINGS = NO;
				SWIFT_VERSION = 5.0;
				TARGETED_DEVICE_FAMILY = "1,2";
				TEST_TARGET_NAME = Flix;
			};
			name = Debug;
		};
		1CDB332C28CE747C00A033F2 /* Release */ = {
			isa = XCBuildConfiguration;
			baseConfigurationReference = 857C30C76AA7E5BC9C96BA44 /* Pods-Flix-FlixUITests.release.xcconfig */;
			buildSettings = {
				ALWAYS_EMBED_SWIFT_STANDARD_LIBRARIES = YES;
				CODE_SIGN_STYLE = Automatic;
				CURRENT_PROJECT_VERSION = 1;
				GENERATE_INFOPLIST_FILE = YES;
				MARKETING_VERSION = 1.0;
				PRODUCT_BUNDLE_IDENTIFIER = com.abbyclarke.FlixUITests;
				PRODUCT_NAME = "$(TARGET_NAME)";
				SWIFT_EMIT_LOC_STRINGS = NO;
				SWIFT_VERSION = 5.0;
				TARGETED_DEVICE_FAMILY = "1,2";
				TEST_TARGET_NAME = Flix;
			};
			name = Release;
		};
/* End XCBuildConfiguration section */

/* Begin XCConfigurationList section */
		1CDB32F528CE747C00A033F2 /* Build configuration list for PBXProject "Flix" */ = {
			isa = XCConfigurationList;
			buildConfigurations = (
				1CDB332228CE747C00A033F2 /* Debug */,
				1CDB332328CE747C00A033F2 /* Release */,
			);
			defaultConfigurationIsVisible = 0;
			defaultConfigurationName = Release;
		};
		1CDB332428CE747C00A033F2 /* Build configuration list for PBXNativeTarget "Flix" */ = {
			isa = XCConfigurationList;
			buildConfigurations = (
				1CDB332528CE747C00A033F2 /* Debug */,
				1CDB332628CE747C00A033F2 /* Release */,
			);
			defaultConfigurationIsVisible = 0;
			defaultConfigurationName = Release;
		};
		1CDB332728CE747C00A033F2 /* Build configuration list for PBXNativeTarget "FlixTests" */ = {
			isa = XCConfigurationList;
			buildConfigurations = (
				1CDB332828CE747C00A033F2 /* Debug */,
				1CDB332928CE747C00A033F2 /* Release */,
			);
			defaultConfigurationIsVisible = 0;
			defaultConfigurationName = Release;
		};
		1CDB332A28CE747C00A033F2 /* Build configuration list for PBXNativeTarget "FlixUITests" */ = {
			isa = XCConfigurationList;
			buildConfigurations = (
				1CDB332B28CE747C00A033F2 /* Debug */,
				1CDB332C28CE747C00A033F2 /* Release */,
			);
			defaultConfigurationIsVisible = 0;
			defaultConfigurationName = Release;
		};
/* End XCConfigurationList section */

/* Begin XCRemoteSwiftPackageReference section */
		1CDB332F28CEA17A00A033F2 /* XCRemoteSwiftPackageReference "AlamofireImage" */ = {
			isa = XCRemoteSwiftPackageReference;
			repositoryURL = "https://github.com/Alamofire/AlamofireImage";
			requirement = {
				kind = upToNextMajorVersion;
				minimumVersion = 4.0.0;
			};
		};
/* End XCRemoteSwiftPackageReference section */

/* Begin XCSwiftPackageProductDependency section */
		1CDB333028CEA17A00A033F2 /* AlamofireImage */ = {
			isa = XCSwiftPackageProductDependency;
			package = 1CDB332F28CEA17A00A033F2 /* XCRemoteSwiftPackageReference "AlamofireImage" */;
			productName = AlamofireImage;
		};
/* End XCSwiftPackageProductDependency section */
	};
	rootObject = 1CDB32F228CE747C00A033F2 /* Project object */;
}
